
Microsoft Visual Studio Solution File, Format Version 12.00
# Visual Studio Version 16
VisualStudioVersion = 16.0.29709.97
MinimumVisualStudioVersion = 10.0.40219.1
Project("{9A19103F-16F7-4668-BE54-9A1E7A4F7556}") = "3dSocial.Api", "3dSocial.Api\3dSocial.Api.csproj", "{EAD38133-7D67-46AC-B22D-A178034E49AB}"
EndProject
Project("{2150E333-8FDC-42A3-9474-1A3956D46DE8}") = "1 - Application", "1 - Application", "{6C8455AD-5DD3-4A35-8CB5-CAC20DF280C8}"
EndProject
Project("{2150E333-8FDC-42A3-9474-1A3956D46DE8}") = "2 - Domain", "2 - Domain", "{3FA4D7BA-5530-494C-8861-5B742E0E397C}"
EndProject
Project("{2150E333-8FDC-42A3-9474-1A3956D46DE8}") = "3 - Service", "3 - Service", "{7A4A2FAA-B6F7-4DD3-86D6-1C2EFF8FA9B4}"
EndProject
Project("{2150E333-8FDC-42A3-9474-1A3956D46DE8}") = "4 - Infra", "4 - Infra", "{AE5D7D0B-C819-4617-9627-24D380A8F3EF}"
EndProject
Project("{2150E333-8FDC-42A3-9474-1A3956D46DE8}") = "4.1 - Data", "4.1 - Data", "{D7B7EF24-6D15-405E-8502-4315BA0BEBCE}"
EndProject
Project("{2150E333-8FDC-42A3-9474-1A3956D46DE8}") = "4.2 - CrossCutting", "4.2 - CrossCutting", "{A59B0905-5297-46E7-BDE0-5BB957BC6A07}"
EndProject
Project("{9A19103F-16F7-4668-BE54-9A1E7A4F7556}") = "3dSocial.Application", "3dSocial.Application\3dSocial.Application.csproj", "{E01A3C93-DCA7-4344-B1BF-2454BCF1AFE1}"
EndProject
Project("{9A19103F-16F7-4668-BE54-9A1E7A4F7556}") = "3dSocial.Domain", "3dSocial.Domain\3dSocial.Domain.csproj", "{889997DD-1A65-4543-AC0D-FB338EAE345E}"
EndProject
Project("{9A19103F-16F7-4668-BE54-9A1E7A4F7556}") = "3dSocial.Service", "3dSocial.Service\3dSocial.Service.csproj", "{8D236CFD-9DB2-46C0-9B4E-0BD7F54DA4E2}"
EndProject
Project("{9A19103F-16F7-4668-BE54-9A1E7A4F7556}") = "3dSocial.Infra.Data", "3dSocial.Infra.Data\3dSocial.Infra.Data.csproj", "{11EA9C98-950F-4A94-9D9E-292479340D9F}"
EndProject
Project("{9A19103F-16F7-4668-BE54-9A1E7A4F7556}") = "3dSocial.Infra.CrossCutting", "3dSocial.Infra.CrossCutting\3dSocial.Infra.CrossCutting.csproj", "{926E1370-5B94-4DA8-B23F-4D96C292F495}"
EndProject
Project("{2150E333-8FDC-42A3-9474-1A3956D46DE8}") = "Scripts", "Scripts", "{6DB3523B-94D7-4D6B-A12C-E7C24E5A99AB}"
	ProjectSection(SolutionItems) = preProject
		CreateDB.sql = CreateDB.sql
	EndProjectSection
EndProject
Project("{9A19103F-16F7-4668-BE54-9A1E7A4F7556}") = "3dSocial.Api.Test", "3dSocial.Api.Test\3dSocial.Api.Test.csproj", "{F6B61A58-E529-46DB-9F55-A65CC5DBDAF5}"
EndProject
Global
	GlobalSection(SolutionConfigurationPlatforms) = preSolution
		Debug|Any CPU = Debug|Any CPU
		Release|Any CPU = Release|Any CPU
	EndGlobalSection
	GlobalSection(ProjectConfigurationPlatforms) = postSolution
		{EAD38133-7D67-46AC-B22D-A178034E49AB}.Debug|Any CPU.ActiveCfg = Debug|Any CPU
		{EAD38133-7D67-46AC-B22D-A178034E49AB}.Debug|Any CPU.Build.0 = Debug|Any CPU
		{EAD38133-7D67-46AC-B22D-A178034E49AB}.Release|Any CPU.ActiveCfg = Release|Any CPU
		{EAD38133-7D67-46AC-B22D-A178034E49AB}.Release|Any CPU.Build.0 = Release|Any CPU
		{E01A3C93-DCA7-4344-B1BF-2454BCF1AFE1}.Debug|Any CPU.ActiveCfg = Debug|Any CPU
		{E01A3C93-DCA7-4344-B1BF-2454BCF1AFE1}.Debug|Any CPU.Build.0 = Debug|Any CPU
		{E01A3C93-DCA7-4344-B1BF-2454BCF1AFE1}.Release|Any CPU.ActiveCfg = Release|Any CPU
		{E01A3C93-DCA7-4344-B1BF-2454BCF1AFE1}.Release|Any CPU.Build.0 = Release|Any CPU
		{889997DD-1A65-4543-AC0D-FB338EAE345E}.Debug|Any CPU.ActiveCfg = Debug|Any CPU
		{889997DD-1A65-4543-AC0D-FB338EAE345E}.Debug|Any CPU.Build.0 = Debug|Any CPU
		{889997DD-1A65-4543-AC0D-FB338EAE345E}.Release|Any CPU.ActiveCfg = Release|Any CPU
		{889997DD-1A65-4543-AC0D-FB338EAE345E}.Release|Any CPU.Build.0 = Release|Any CPU
		{8D236CFD-9DB2-46C0-9B4E-0BD7F54DA4E2}.Debug|Any CPU.ActiveCfg = Debug|Any CPU
		{8D236CFD-9DB2-46C0-9B4E-0BD7F54DA4E2}.Debug|Any CPU.Build.0 = Debug|Any CPU
		{8D236CFD-9DB2-46C0-9B4E-0BD7F54DA4E2}.Release|Any CPU.ActiveCfg = Release|Any CPU
		{8D236CFD-9DB2-46C0-9B4E-0BD7F54DA4E2}.Release|Any CPU.Build.0 = Release|Any CPU
		{11EA9C98-950F-4A94-9D9E-292479340D9F}.Debug|Any CPU.ActiveCfg = Debug|Any CPU
		{11EA9C98-950F-4A94-9D9E-292479340D9F}.Debug|Any CPU.Build.0 = Debug|Any CPU
		{11EA9C98-950F-4A94-9D9E-292479340D9F}.Release|Any CPU.ActiveCfg = Release|Any CPU
		{11EA9C98-950F-4A94-9D9E-292479340D9F}.Release|Any CPU.Build.0 = Release|Any CPU
		{926E1370-5B94-4DA8-B23F-4D96C292F495}.Debug|Any CPU.ActiveCfg = Debug|Any CPU
		{926E1370-5B94-4DA8-B23F-4D96C292F495}.Debug|Any CPU.Build.0 = Debug|Any CPU
		{926E1370-5B94-4DA8-B23F-4D96C292F495}.Release|Any CPU.ActiveCfg = Release|Any CPU
		{926E1370-5B94-4DA8-B23F-4D96C292F495}.Release|Any CPU.Build.0 = Release|Any CPU
		{F6B61A58-E529-46DB-9F55-A65CC5DBDAF5}.Debug|Any CPU.ActiveCfg = Debug|Any CPU
		{F6B61A58-E529-46DB-9F55-A65CC5DBDAF5}.Debug|Any CPU.Build.0 = Debug|Any CPU
		{F6B61A58-E529-46DB-9F55-A65CC5DBDAF5}.Release|Any CPU.ActiveCfg = Release|Any CPU
		{F6B61A58-E529-46DB-9F55-A65CC5DBDAF5}.Release|Any CPU.Build.0 = Release|Any CPU
	EndGlobalSection
	GlobalSection(SolutionProperties) = preSolution
		HideSolutionNode = FALSE
	EndGlobalSection
	GlobalSection(NestedProjects) = preSolution
		{D7B7EF24-6D15-405E-8502-4315BA0BEBCE} = {AE5D7D0B-C819-4617-9627-24D380A8F3EF}
		{A59B0905-5297-46E7-BDE0-5BB957BC6A07} = {AE5D7D0B-C819-4617-9627-24D380A8F3EF}
		{E01A3C93-DCA7-4344-B1BF-2454BCF1AFE1} = {6C8455AD-5DD3-4A35-8CB5-CAC20DF280C8}
		{889997DD-1A65-4543-AC0D-FB338EAE345E} = {3FA4D7BA-5530-494C-8861-5B742E0E397C}
		{8D236CFD-9DB2-46C0-9B4E-0BD7F54DA4E2} = {7A4A2FAA-B6F7-4DD3-86D6-1C2EFF8FA9B4}
		{11EA9C98-950F-4A94-9D9E-292479340D9F} = {D7B7EF24-6D15-405E-8502-4315BA0BEBCE}
		{926E1370-5B94-4DA8-B23F-4D96C292F495} = {A59B0905-5297-46E7-BDE0-5BB957BC6A07}
	EndGlobalSection
	GlobalSection(ExtensibilityGlobals) = postSolution
		SolutionGuid = {CB5D4545-4DF6-430F-8074-59D852AC041B}
	EndGlobalSection
EndGlobal
